
Microsoft Visual Studio Solution File, Format Version 12.00
# Visual Studio Version 17
VisualStudioVersion = 17.4.33110.190
MinimumVisualStudioVersion = 10.0.40219.1
Project("{8BC9CEB8-8B4A-11D0-8D11-00A0C91BC942}") = "Valentine2023", "Valentine2023.vcxproj", "{727892DE-0004-4481-B469-EBF1BC1C8E30}"
EndProject
Global
	GlobalSection(SolutionConfigurationPlatforms) = preSolution
		Debug|x64 = Debug|x64
		Debug|x86 = Debug|x86
		Release|x64 = Release|x64
		Release|x86 = Release|x86
	EndGlobalSection
	GlobalSection(ProjectConfigurationPlatforms) = postSolution
		{727892DE-0004-4481-B469-EBF1BC1C8E30}.Debug|x64.ActiveCfg = Debug|x64
		{727892DE-0004-4481-B469-EBF1BC1C8E30}.Debug|x64.Build.0 = Debug|x64
		{727892DE-0004-4481-B469-EBF1BC1C8E30}.Debug|x86.ActiveCfg = Debug|Win32
		{727892DE-0004-4481-B469-EBF1BC1C8E30}.Debug|x86.Build.0 = Debug|Win32
		{727892DE-0004-4481-B469-EBF1BC1C8E30}.Release|x64.ActiveCfg = Release|x64
		{727892DE-0004-4481-B469-EBF1BC1C8E30}.Release|x64.Build.0 = Release|x64
		{727892DE-0004-4481-B469-EBF1BC1C8E30}.Release|x86.ActiveCfg = Release|Win32
		{727892DE-0004-4481-B469-EBF1BC1C8E30}.Release|x86.Build.0 = Release|Win32
	EndGlobalSection
	GlobalSection(SolutionProperties) = preSolution
		HideSolutionNode = FALSE
	EndGlobalSection
	GlobalSection(ExtensibilityGlobals) = postSolution
		SolutionGuid = {675D67BB-68C5-42DD-9AFC-690B17F6D795}
	EndGlobalSection
EndGlobal
